// !$*UTF8*$!
{
	archiveVersion = 1;
	classes = {
	};
	objectVersion = 46;
	objects = {

/* Begin PBXBuildFile section */
		06F7A7021873DA6300734089 /* Foundation.framework in Frameworks */ = {isa = PBXBuildFile; fileRef = 06F7A7011873DA6300734089 /* Foundation.framework */; };
		06F7A7041873DA6300734089 /* CoreGraphics.framework in Frameworks */ = {isa = PBXBuildFile; fileRef = 06F7A7031873DA6300734089 /* CoreGraphics.framework */; };
		06F7A7061873DA6300734089 /* UIKit.framework in Frameworks */ = {isa = PBXBuildFile; fileRef = 06F7A7051873DA6300734089 /* UIKit.framework */; };
		06F7A70C1873DA6300734089 /* InfoPlist.strings in Resources */ = {isa = PBXBuildFile; fileRef = 06F7A70A1873DA6300734089 /* InfoPlist.strings */; };
		06F7A70E1873DA6300734089 /* main.m in Sources */ = {isa = PBXBuildFile; fileRef = 06F7A70D1873DA6300734089 /* main.m */; };
		06F7A7121873DA6300734089 /* AppDelegate.m in Sources */ = {isa = PBXBuildFile; fileRef = 06F7A7111873DA6300734089 /* AppDelegate.m */; };
		06F7A7151873DA6300734089 /* Main_iPhone.storyboard in Resources */ = {isa = PBXBuildFile; fileRef = 06F7A7131873DA6300734089 /* Main_iPhone.storyboard */; };
		06F7A7181873DA6300734089 /* Main_iPad.storyboard in Resources */ = {isa = PBXBuildFile; fileRef = 06F7A7161873DA6300734089 /* Main_iPad.storyboard */; };
		06F7A71B1873DA6300734089 /* ViewController.m in Sources */ = {isa = PBXBuildFile; fileRef = 06F7A71A1873DA6300734089 /* ViewController.m */; };
		06F7A71D1873DA6300734089 /* Images.xcassets in Resources */ = {isa = PBXBuildFile; fileRef = 06F7A71C1873DA6300734089 /* Images.xcassets */; };
		06F7A7241873DA6300734089 /* XCTest.framework in Frameworks */ = {isa = PBXBuildFile; fileRef = 06F7A7231873DA6300734089 /* XCTest.framework */; };
		06F7A7251873DA6300734089 /* Foundation.framework in Frameworks */ = {isa = PBXBuildFile; fileRef = 06F7A7011873DA6300734089 /* Foundation.framework */; };
		06F7A7261873DA6300734089 /* UIKit.framework in Frameworks */ = {isa = PBXBuildFile; fileRef = 06F7A7051873DA6300734089 /* UIKit.framework */; };
		06F7A72E1873DA6300734089 /* InfoPlist.strings in Resources */ = {isa = PBXBuildFile; fileRef = 06F7A72C1873DA6300734089 /* InfoPlist.strings */; };
		06F7A7301873DA6300734089 /* SampleTests.m in Sources */ = {isa = PBXBuildFile; fileRef = 06F7A72F1873DA6300734089 /* SampleTests.m */; };
		06F7A73B1873F91200734089 /* Sample.m in Sources */ = {isa = PBXBuildFile; fileRef = 06F7A73A1873F91200734089 /* Sample.m */; };
		06F7A73C1873F91700734089 /* Sample.m in Sources */ = {isa = PBXBuildFile; fileRef = 06F7A73A1873F91200734089 /* Sample.m */; };
/* End PBXBuildFile section */

/* Begin PBXContainerItemProxy section */
		06F7A7271873DA6300734089 /* PBXContainerItemProxy */ = {
			isa = PBXContainerItemProxy;
			containerPortal = 06F7A6F61873DA6300734089 /* Project object */;
			proxyType = 1;
			remoteGlobalIDString = 06F7A6FD1873DA6300734089;
			remoteInfo = GenerateTestCoverageFor_iOS7;
		};
/* End PBXContainerItemProxy section */

/* Begin PBXFileReference section */
		06F7A6FE1873DA6300734089 /* App.app */ = {isa = PBXFileReference; explicitFileType = wrapper.application; includeInIndex = 0; path = App.app; sourceTree = BUILT_PRODUCTS_DIR; };
		06F7A7011873DA6300734089 /* Foundation.framework */ = {isa = PBXFileReference; lastKnownFileType = wrapper.framework; name = Foundation.framework; path = System/Library/Frameworks/Foundation.framework; sourceTree = SDKROOT; };
		06F7A7031873DA6300734089 /* CoreGraphics.framework */ = {isa = PBXFileReference; lastKnownFileType = wrapper.framework; name = CoreGraphics.framework; path = System/Library/Frameworks/CoreGraphics.framework; sourceTree = SDKROOT; };
		06F7A7051873DA6300734089 /* UIKit.framework */ = {isa = PBXFileReference; lastKnownFileType = wrapper.framework; name = UIKit.framework; path = System/Library/Frameworks/UIKit.framework; sourceTree = SDKROOT; };
		06F7A7091873DA6300734089 /* App-Info.plist */ = {isa = PBXFileReference; lastKnownFileType = text.plist.xml; path = "App-Info.plist"; sourceTree = "<group>"; };
		06F7A70B1873DA6300734089 /* en */ = {isa = PBXFileReference; lastKnownFileType = text.plist.strings; name = en; path = en.lproj/InfoPlist.strings; sourceTree = "<group>"; };
		06F7A70D1873DA6300734089 /* main.m */ = {isa = PBXFileReference; lastKnownFileType = sourcecode.c.objc; path = main.m; sourceTree = "<group>"; };
		06F7A70F1873DA6300734089 /* App-Prefix.pch */ = {isa = PBXFileReference; lastKnownFileType = sourcecode.c.h; path = "App-Prefix.pch"; sourceTree = "<group>"; };
		06F7A7101873DA6300734089 /* AppDelegate.h */ = {isa = PBXFileReference; lastKnownFileType = sourcecode.c.h; path = AppDelegate.h; sourceTree = "<group>"; };
		06F7A7111873DA6300734089 /* AppDelegate.m */ = {isa = PBXFileReference; lastKnownFileType = sourcecode.c.objc; path = AppDelegate.m; sourceTree = "<group>"; };
		06F7A7141873DA6300734089 /* Base */ = {isa = PBXFileReference; lastKnownFileType = file.storyboard; name = Base; path = Base.lproj/Main_iPhone.storyboard; sourceTree = "<group>"; };
		06F7A7171873DA6300734089 /* Base */ = {isa = PBXFileReference; lastKnownFileType = file.storyboard; name = Base; path = Base.lproj/Main_iPad.storyboard; sourceTree = "<group>"; };
		06F7A7191873DA6300734089 /* ViewController.h */ = {isa = PBXFileReference; lastKnownFileType = sourcecode.c.h; path = ViewController.h; sourceTree = "<group>"; };
		06F7A71A1873DA6300734089 /* ViewController.m */ = {isa = PBXFileReference; lastKnownFileType = sourcecode.c.objc; path = ViewController.m; sourceTree = "<group>"; };
		06F7A71C1873DA6300734089 /* Images.xcassets */ = {isa = PBXFileReference; lastKnownFileType = folder.assetcatalog; path = Images.xcassets; sourceTree = "<group>"; };
		06F7A7221873DA6300734089 /* Tests.xctest */ = {isa = PBXFileReference; explicitFileType = wrapper.cfbundle; includeInIndex = 0; path = Tests.xctest; sourceTree = BUILT_PRODUCTS_DIR; };
		06F7A7231873DA6300734089 /* XCTest.framework */ = {isa = PBXFileReference; lastKnownFileType = wrapper.framework; name = XCTest.framework; path = Library/Frameworks/XCTest.framework; sourceTree = DEVELOPER_DIR; };
		06F7A72B1873DA6300734089 /* Tests-Info.plist */ = {isa = PBXFileReference; lastKnownFileType = text.plist.xml; path = "Tests-Info.plist"; sourceTree = "<group>"; };
		06F7A72D1873DA6300734089 /* en */ = {isa = PBXFileReference; lastKnownFileType = text.plist.strings; name = en; path = en.lproj/InfoPlist.strings; sourceTree = "<group>"; };
		06F7A72F1873DA6300734089 /* SampleTests.m */ = {isa = PBXFileReference; lastKnownFileType = sourcecode.c.objc; path = SampleTests.m; sourceTree = "<group>"; };
		06F7A7391873F91200734089 /* Sample.h */ = {isa = PBXFileReference; fileEncoding = 4; lastKnownFileType = sourcecode.c.h; path = Sample.h; sourceTree = "<group>"; };
		06F7A73A1873F91200734089 /* Sample.m */ = {isa = PBXFileReference; fileEncoding = 4; lastKnownFileType = sourcecode.c.objc; path = Sample.m; sourceTree = "<group>"; };
/* End PBXFileReference section */

/* Begin PBXFrameworksBuildPhase section */
		06F7A6FB1873DA6300734089 /* Frameworks */ = {
			isa = PBXFrameworksBuildPhase;
			buildActionMask = 2147483647;
			files = (
				06F7A7041873DA6300734089 /* CoreGraphics.framework in Frameworks */,
				06F7A7061873DA6300734089 /* UIKit.framework in Frameworks */,
				06F7A7021873DA6300734089 /* Foundation.framework in Frameworks */,
			);
			runOnlyForDeploymentPostprocessing = 0;
		};
		06F7A71F1873DA6300734089 /* Frameworks */ = {
			isa = PBXFrameworksBuildPhase;
			buildActionMask = 2147483647;
			files = (
				06F7A7241873DA6300734089 /* XCTest.framework in Frameworks */,
				06F7A7261873DA6300734089 /* UIKit.framework in Frameworks */,
				06F7A7251873DA6300734089 /* Foundation.framework in Frameworks */,
			);
			runOnlyForDeploymentPostprocessing = 0;
		};
/* End PBXFrameworksBuildPhase section */

/* Begin PBXGroup section */
		06F7A6F51873DA6300734089 = {
			isa = PBXGroup;
			children = (
				06F7A7071873DA6300734089 /* App */,
				06F7A7291873DA6300734089 /* Tests */,
				06F7A7001873DA6300734089 /* Frameworks */,
				06F7A6FF1873DA6300734089 /* Products */,
			);
			sourceTree = "<group>";
		};
		06F7A6FF1873DA6300734089 /* Products */ = {
			isa = PBXGroup;
			children = (
				06F7A6FE1873DA6300734089 /* App.app */,
				06F7A7221873DA6300734089 /* Tests.xctest */,
			);
			name = Products;
			sourceTree = "<group>";
		};
		06F7A7001873DA6300734089 /* Frameworks */ = {
			isa = PBXGroup;
			children = (
				06F7A7011873DA6300734089 /* Foundation.framework */,
				06F7A7031873DA6300734089 /* CoreGraphics.framework */,
				06F7A7051873DA6300734089 /* UIKit.framework */,
				06F7A7231873DA6300734089 /* XCTest.framework */,
			);
			name = Frameworks;
			sourceTree = "<group>";
		};
		06F7A7071873DA6300734089 /* App */ = {
			isa = PBXGroup;
			children = (
				06F7A7391873F91200734089 /* Sample.h */,
				06F7A73A1873F91200734089 /* Sample.m */,
				06F7A7101873DA6300734089 /* AppDelegate.h */,
				06F7A7111873DA6300734089 /* AppDelegate.m */,
				06F7A7131873DA6300734089 /* Main_iPhone.storyboard */,
				06F7A7161873DA6300734089 /* Main_iPad.storyboard */,
				06F7A7191873DA6300734089 /* ViewController.h */,
				06F7A71A1873DA6300734089 /* ViewController.m */,
				06F7A71C1873DA6300734089 /* Images.xcassets */,
				06F7A7081873DA6300734089 /* Supporting Files */,
			);
			path = App;
			sourceTree = "<group>";
		};
		06F7A7081873DA6300734089 /* Supporting Files */ = {
			isa = PBXGroup;
			children = (
				06F7A7091873DA6300734089 /* App-Info.plist */,
				06F7A70A1873DA6300734089 /* InfoPlist.strings */,
				06F7A70D1873DA6300734089 /* main.m */,
				06F7A70F1873DA6300734089 /* App-Prefix.pch */,
			);
			name = "Supporting Files";
			sourceTree = "<group>";
		};
		06F7A7291873DA6300734089 /* Tests */ = {
			isa = PBXGroup;
			children = (
				06F7A72F1873DA6300734089 /* SampleTests.m */,
				06F7A72A1873DA6300734089 /* Supporting Files */,
			);
			path = Tests;
			sourceTree = "<group>";
		};
		06F7A72A1873DA6300734089 /* Supporting Files */ = {
			isa = PBXGroup;
			children = (
				06F7A72B1873DA6300734089 /* Tests-Info.plist */,
				06F7A72C1873DA6300734089 /* InfoPlist.strings */,
			);
			name = "Supporting Files";
			sourceTree = "<group>";
		};
/* End PBXGroup section */

/* Begin PBXNativeTarget section */
		06F7A6FD1873DA6300734089 /* App */ = {
			isa = PBXNativeTarget;
			buildConfigurationList = 06F7A7331873DA6300734089 /* Build configuration list for PBXNativeTarget "App" */;
			buildPhases = (
				06F7A6FA1873DA6300734089 /* Sources */,
				06F7A6FB1873DA6300734089 /* Frameworks */,
				06F7A6FC1873DA6300734089 /* Resources */,
			);
			buildRules = (
			);
			dependencies = (
			);
			name = App;
			productName = GenerateTestCoverageFor_iOS7;
			productReference = 06F7A6FE1873DA6300734089 /* App.app */;
			productType = "com.apple.product-type.application";
		};
		06F7A7211873DA6300734089 /* Tests */ = {
			isa = PBXNativeTarget;
			buildConfigurationList = 06F7A7361873DA6300734089 /* Build configuration list for PBXNativeTarget "Tests" */;
			buildPhases = (
				06F7A71E1873DA6300734089 /* Sources */,
				06F7A71F1873DA6300734089 /* Frameworks */,
				06F7A7201873DA6300734089 /* Resources */,
			);
			buildRules = (
			);
			dependencies = (
				06F7A7281873DA6300734089 /* PBXTargetDependency */,
			);
			name = Tests;
			productName = GenerateTestCoverageFor_iOS7Tests;
			productReference = 06F7A7221873DA6300734089 /* Tests.xctest */;
			productType = "com.apple.product-type.bundle.unit-test";
		};
/* End PBXNativeTarget section */

/* Begin PBXProject section */
		06F7A6F61873DA6300734089 /* Project object */ = {
			isa = PBXProject;
			attributes = {
				LastUpgradeCheck = 0500;
				ORGANIZATIONNAME = tokoro;
				TargetAttributes = {
					06F7A7211873DA6300734089 = {
						TestTargetID = 06F7A6FD1873DA6300734089;
					};
				};
			};
			buildConfigurationList = 06F7A6F91873DA6300734089 /* Build configuration list for PBXProject "GenerateTestCoverageFor_iOS7" */;
			compatibilityVersion = "Xcode 3.2";
			developmentRegion = English;
			hasScannedForEncodings = 0;
			knownRegions = (
				en,
				Base,
			);
			mainGroup = 06F7A6F51873DA6300734089;
			productRefGroup = 06F7A6FF1873DA6300734089 /* Products */;
			projectDirPath = "";
			projectRoot = "";
			targets = (
				06F7A6FD1873DA6300734089 /* App */,
				06F7A7211873DA6300734089 /* Tests */,
			);
		};
/* End PBXProject section */

/* Begin PBXResourcesBuildPhase section */
		06F7A6FC1873DA6300734089 /* Resources */ = {
			isa = PBXResourcesBuildPhase;
			buildActionMask = 2147483647;
			files = (
				06F7A7181873DA6300734089 /* Main_iPad.storyboard in Resources */,
				06F7A71D1873DA6300734089 /* Images.xcassets in Resources */,
				06F7A7151873DA6300734089 /* Main_iPhone.storyboard in Resources */,
				06F7A70C1873DA6300734089 /* InfoPlist.strings in Resources */,
			);
			runOnlyForDeploymentPostprocessing = 0;
		};
		06F7A7201873DA6300734089 /* Resources */ = {
			isa = PBXResourcesBuildPhase;
			buildActionMask = 2147483647;
			files = (
				06F7A72E1873DA6300734089 /* InfoPlist.strings in Resources */,
			);
			runOnlyForDeploymentPostprocessing = 0;
		};
/* End PBXResourcesBuildPhase section */

/* Begin PBXSourcesBuildPhase section */
		06F7A6FA1873DA6300734089 /* Sources */ = {
			isa = PBXSourcesBuildPhase;
			buildActionMask = 2147483647;
			files = (
				06F7A71B1873DA6300734089 /* ViewController.m in Sources */,
				06F7A73B1873F91200734089 /* Sample.m in Sources */,
				06F7A7121873DA6300734089 /* AppDelegate.m in Sources */,
				06F7A70E1873DA6300734089 /* main.m in Sources */,
			);
			runOnlyForDeploymentPostprocessing = 0;
		};
		06F7A71E1873DA6300734089 /* Sources */ = {
			isa = PBXSourcesBuildPhase;
			buildActionMask = 2147483647;
			files = (
				06F7A7301873DA6300734089 /* SampleTests.m in Sources */,
				06F7A73C1873F91700734089 /* Sample.m in Sources */,
			);
			runOnlyForDeploymentPostprocessing = 0;
		};
/* End PBXSourcesBuildPhase section */

/* Begin PBXTargetDependency section */
		06F7A7281873DA6300734089 /* PBXTargetDependency */ = {
			isa = PBXTargetDependency;
			target = 06F7A6FD1873DA6300734089 /* App */;
			targetProxy = 06F7A7271873DA6300734089 /* PBXContainerItemProxy */;
		};
/* End PBXTargetDependency section */

/* Begin PBXVariantGroup section */
		06F7A70A1873DA6300734089 /* InfoPlist.strings */ = {
			isa = PBXVariantGroup;
			children = (
				06F7A70B1873DA6300734089 /* en */,
			);
			name = InfoPlist.strings;
			sourceTree = "<group>";
		};
		06F7A7131873DA6300734089 /* Main_iPhone.storyboard */ = {
			isa = PBXVariantGroup;
			children = (
				06F7A7141873DA6300734089 /* Base */,
			);
			name = Main_iPhone.storyboard;
			sourceTree = "<group>";
		};
		06F7A7161873DA6300734089 /* Main_iPad.storyboard */ = {
			isa = PBXVariantGroup;
			children = (
				06F7A7171873DA6300734089 /* Base */,
			);
			name = Main_iPad.storyboard;
			sourceTree = "<group>";
		};
		06F7A72C1873DA6300734089 /* InfoPlist.strings */ = {
			isa = PBXVariantGroup;
			children = (
				06F7A72D1873DA6300734089 /* en */,
			);
			name = InfoPlist.strings;
			sourceTree = "<group>";
		};
/* End PBXVariantGroup section */

/* Begin XCBuildConfiguration section */
		06F7A7311873DA6300734089 /* Debug */ = {
			isa = XCBuildConfiguration;
			buildSettings = {
				ALWAYS_SEARCH_USER_PATHS = NO;
				ARCHS = "$(ARCHS_STANDARD_INCLUDING_64_BIT)";
				CLANG_CXX_LANGUAGE_STANDARD = "gnu++0x";
				CLANG_CXX_LIBRARY = "libc++";
				CLANG_ENABLE_MODULES = YES;
				CLANG_ENABLE_OBJC_ARC = YES;
				CLANG_WARN_BOOL_CONVERSION = YES;
				CLANG_WARN_CONSTANT_CONVERSION = YES;
				CLANG_WARN_DIRECT_OBJC_ISA_USAGE = YES_ERROR;
				CLANG_WARN_EMPTY_BODY = YES;
				CLANG_WARN_ENUM_CONVERSION = YES;
				CLANG_WARN_INT_CONVERSION = YES;
				CLANG_WARN_OBJC_ROOT_CLASS = YES_ERROR;
				CLANG_WARN__DUPLICATE_METHOD_MATCH = YES;
				"CODE_SIGN_IDENTITY[sdk=iphoneos*]" = "iPhone Developer";
				COPY_PHASE_STRIP = NO;
				GCC_C_LANGUAGE_STANDARD = gnu99;
				GCC_DYNAMIC_NO_PIC = NO;
				GCC_OPTIMIZATION_LEVEL = 0;
				GCC_PREPROCESSOR_DEFINITIONS = (
					"DEBUG=1",
					"$(inherited)",
				);
				GCC_SYMBOLS_PRIVATE_EXTERN = NO;
				GCC_WARN_64_TO_32_BIT_CONVERSION = YES;
				GCC_WARN_ABOUT_RETURN_TYPE = YES_ERROR;
				GCC_WARN_UNDECLARED_SELECTOR = YES;
				GCC_WARN_UNINITIALIZED_AUTOS = YES;
				GCC_WARN_UNUSED_FUNCTION = YES;
				GCC_WARN_UNUSED_VARIABLE = YES;
				IPHONEOS_DEPLOYMENT_TARGET = 7.0;
				ONLY_ACTIVE_ARCH = YES;
				SDKROOT = iphoneos;
				TARGETED_DEVICE_FAMILY = "1,2";
			};
			name = Debug;
		};
		06F7A7321873DA6300734089 /* Release */ = {
			isa = XCBuildConfiguration;
			buildSettings = {
				ALWAYS_SEARCH_USER_PATHS = NO;
				ARCHS = "$(ARCHS_STANDARD_INCLUDING_64_BIT)";
				CLANG_CXX_LANGUAGE_STANDARD = "gnu++0x";
				CLANG_CXX_LIBRARY = "libc++";
				CLANG_ENABLE_MODULES = YES;
				CLANG_ENABLE_OBJC_ARC = YES;
				CLANG_WARN_BOOL_CONVERSION = YES;
				CLANG_WARN_CONSTANT_CONVERSION = YES;
				CLANG_WARN_DIRECT_OBJC_ISA_USAGE = YES_ERROR;
				CLANG_WARN_EMPTY_BODY = YES;
				CLANG_WARN_ENUM_CONVERSION = YES;
				CLANG_WARN_INT_CONVERSION = YES;
				CLANG_WARN_OBJC_ROOT_CLASS = YES_ERROR;
				CLANG_WARN__DUPLICATE_METHOD_MATCH = YES;
				"CODE_SIGN_IDENTITY[sdk=iphoneos*]" = "iPhone Developer";
				COPY_PHASE_STRIP = YES;
				ENABLE_NS_ASSERTIONS = NO;
				GCC_C_LANGUAGE_STANDARD = gnu99;
				GCC_WARN_64_TO_32_BIT_CONVERSION = YES;
				GCC_WARN_ABOUT_RETURN_TYPE = YES_ERROR;
				GCC_WARN_UNDECLARED_SELECTOR = YES;
				GCC_WARN_UNINITIALIZED_AUTOS = YES;
				GCC_WARN_UNUSED_FUNCTION = YES;
				GCC_WARN_UNUSED_VARIABLE = YES;
				IPHONEOS_DEPLOYMENT_TARGET = 7.0;
				SDKROOT = iphoneos;
				TARGETED_DEVICE_FAMILY = "1,2";
				VALIDATE_PRODUCT = YES;
			};
			name = Release;
		};
		06F7A7341873DA6300734089 /* Debug */ = {
			isa = XCBuildConfiguration;
			buildSettings = {
				ASSETCATALOG_COMPILER_APPICON_NAME = AppIcon;
				ASSETCATALOG_COMPILER_LAUNCHIMAGE_NAME = LaunchImage;
				GCC_PRECOMPILE_PREFIX_HEADER = YES;
				GCC_PREFIX_HEADER = "App/App-Prefix.pch";
				INFOPLIST_FILE = "App/App-Info.plist";
				PRODUCT_NAME = "$(TARGET_NAME)";
				WRAPPER_EXTENSION = app;
			};
			name = Debug;
		};
		06F7A7351873DA6300734089 /* Release */ = {
			isa = XCBuildConfiguration;
			buildSettings = {
				ASSETCATALOG_COMPILER_APPICON_NAME = AppIcon;
				ASSETCATALOG_COMPILER_LAUNCHIMAGE_NAME = LaunchImage;
				GCC_PRECOMPILE_PREFIX_HEADER = YES;
				GCC_PREFIX_HEADER = "App/App-Prefix.pch";
				INFOPLIST_FILE = "App/App-Info.plist";
				PRODUCT_NAME = "$(TARGET_NAME)";
				WRAPPER_EXTENSION = app;
			};
			name = Release;
		};
		06F7A7371873DA6300734089 /* Debug */ = {
			isa = XCBuildConfiguration;
			buildSettings = {
				ARCHS = "$(ARCHS_STANDARD_INCLUDING_64_BIT)";
				BUNDLE_LOADER = "$(BUILT_PRODUCTS_DIR)/App.app/App";
				FRAMEWORK_SEARCH_PATHS = (
					"$(SDKROOT)/Developer/Library/Frameworks",
					"$(inherited)",
					"$(DEVELOPER_FRAMEWORKS_DIR)",
				);
				GCC_PRECOMPILE_PREFIX_HEADER = YES;
				GCC_PREFIX_HEADER = "App/App-Prefix.pch";
				GCC_PREPROCESSOR_DEFINITIONS = (
					"DEBUG=1",
					"$(inherited)",
				);
				INFOPLIST_FILE = "Tests/Tests-Info.plist";
				PRODUCT_NAME = "$(TARGET_NAME)";
				TEST_HOST = "$(BUNDLE_LOADER)";
				WRAPPER_EXTENSION = xctest;
			};
			name = Debug;
		};
		06F7A7381873DA6300734089 /* Release */ = {
			isa = XCBuildConfiguration;
			buildSettings = {
				ARCHS = "$(ARCHS_STANDARD_INCLUDING_64_BIT)";
				BUNDLE_LOADER = "$(BUILT_PRODUCTS_DIR)/App.app/App";
				FRAMEWORK_SEARCH_PATHS = (
					"$(SDKROOT)/Developer/Library/Frameworks",
					"$(inherited)",
					"$(DEVELOPER_FRAMEWORKS_DIR)",
				);
				GCC_PRECOMPILE_PREFIX_HEADER = YES;
				GCC_PREFIX_HEADER = "App/App-Prefix.pch";
				INFOPLIST_FILE = "Tests/Tests-Info.plist";
				PRODUCT_NAME = "$(TARGET_NAME)";
				TEST_HOST = "$(BUNDLE_LOADER)";
				WRAPPER_EXTENSION = xctest;
			};
			name = Release;
		};
/* End XCBuildConfiguration section */

/* Begin XCConfigurationList section */
		06F7A6F91873DA6300734089 /* Build configuration list for PBXProject "GenerateTestCoverageFor_iOS7" */ = {
			isa = XCConfigurationList;
			buildConfigurations = (
				06F7A7311873DA6300734089 /* Debug */,
				06F7A7321873DA6300734089 /* Release */,
			);
			defaultConfigurationIsVisible = 0;
			defaultConfigurationName = Release;
		};
		06F7A7331873DA6300734089 /* Build configuration list for PBXNativeTarget "App" */ = {
			isa = XCConfigurationList;
			buildConfigurations = (
				06F7A7341873DA6300734089 /* Debug */,
				06F7A7351873DA6300734089 /* Release */,
			);
			defaultConfigurationIsVisible = 0;
		};
		06F7A7361873DA6300734089 /* Build configuration list for PBXNativeTarget "Tests" */ = {
			isa = XCConfigurationList;
			buildConfigurations = (
				06F7A7371873DA6300734089 /* Debug */,
				06F7A7381873DA6300734089 /* Release */,
			);
			defaultConfigurationIsVisible = 0;
		};
/* End XCConfigurationList section */
	};
	rootObject = 06F7A6F61873DA6300734089 /* Project object */;
}
